
Microsoft Visual Studio Solution File, Format Version 12.00
# Visual Studio Version 17
VisualStudioVersion = 17.7.34202.233
MinimumVisualStudioVersion = 10.0.40219.1
Project("{9A19103F-16F7-4668-BE54-9A1E7A4F7556}") = "Peppermint.AspNetCore.SecurityHeaders.Addons", "src\AspNetCore.SecurityHeaders.Addons\Peppermint.AspNetCore.SecurityHeaders.Addons.csproj", "{FC624EBA-9EED-43EC-983E-D089A5223531}"
EndProject
Project("{9A19103F-16F7-4668-BE54-9A1E7A4F7556}") = "Peppermint.AspNetCore.SecurityHeaders.Addons.Tests", "tests\AspNetCore.SecurityHeaders.Addons.Tests\Peppermint.AspNetCore.SecurityHeaders.Addons.Tests.csproj", "{C57CFF54-59C3-44E5-8F61-4009F4FBA6FF}"
EndProject
Project("{2150E333-8FDC-42A3-9474-1A3956D46DE8}") = "1. src", "1. src", "{2E809BC9-6FAC-47FD-9263-196FC0275857}"
EndProject
Project("{2150E333-8FDC-42A3-9474-1A3956D46DE8}") = "2. tests", "2. tests", "{2C03FF1E-6332-4B7B-96A2-1F65EC75B94D}"
EndProject
Project("{2150E333-8FDC-42A3-9474-1A3956D46DE8}") = "3. github", "3. github", "{4ED40CAD-7F99-465F-9EF9-738C4D457F5A}"
	ProjectSection(SolutionItems) = preProject
		.github\workflows\code-analysis.yml = .github\workflows\code-analysis.yml
		.github\workflows\release.yml = .github\workflows\release.yml
	EndProjectSection
EndProject
Global
	GlobalSection(SolutionConfigurationPlatforms) = preSolution
		Debug|Any CPU = Debug|Any CPU
		Release|Any CPU = Release|Any CPU
	EndGlobalSection
	GlobalSection(ProjectConfigurationPlatforms) = postSolution
		{FC624EBA-9EED-43EC-983E-D089A5223531}.Debug|Any CPU.ActiveCfg = Debug|Any CPU
		{FC624EBA-9EED-43EC-983E-D089A5223531}.Debug|Any CPU.Build.0 = Debug|Any CPU
		{FC624EBA-9EED-43EC-983E-D089A5223531}.Release|Any CPU.ActiveCfg = Release|Any CPU
		{FC624EBA-9EED-43EC-983E-D089A5223531}.Release|Any CPU.Build.0 = Release|Any CPU
		{C57CFF54-59C3-44E5-8F61-4009F4FBA6FF}.Debug|Any CPU.ActiveCfg = Debug|Any CPU
		{C57CFF54-59C3-44E5-8F61-4009F4FBA6FF}.Debug|Any CPU.Build.0 = Debug|Any CPU
		{C57CFF54-59C3-44E5-8F61-4009F4FBA6FF}.Release|Any CPU.ActiveCfg = Release|Any CPU
		{C57CFF54-59C3-44E5-8F61-4009F4FBA6FF}.Release|Any CPU.Build.0 = Release|Any CPU
	EndGlobalSection
	GlobalSection(SolutionProperties) = preSolution
		HideSolutionNode = FALSE
	EndGlobalSection
	GlobalSection(NestedProjects) = preSolution
		{FC624EBA-9EED-43EC-983E-D089A5223531} = {2E809BC9-6FAC-47FD-9263-196FC0275857}
		{C57CFF54-59C3-44E5-8F61-4009F4FBA6FF} = {2C03FF1E-6332-4B7B-96A2-1F65EC75B94D}
	EndGlobalSection
	GlobalSection(ExtensibilityGlobals) = postSolution
		SolutionGuid = {8CDA2330-8801-4327-9C06-9846D41B2926}
	EndGlobalSection
EndGlobal
